
Microsoft Visual Studio Solution File, Format Version 11.00
# Visual Studio 2010
Project("{FAE04EC0-301F-11D3-BF4B-00C04F79EFBC}") = "MainWindow_njust", "MainWindow_njust\MainWindow_njust.csproj", "{AFBA30B0-B272-4D2B-BBD0-305577C92C08}"
EndProject
Global
	GlobalSection(SolutionConfigurationPlatforms) = preSolution
		Debug|x86 = Debug|x86
		Release|x86 = Release|x86
	EndGlobalSection
	GlobalSection(ProjectConfigurationPlatforms) = postSolution
		{AFBA30B0-B272-4D2B-BBD0-305577C92C08}.Debug|x86.ActiveCfg = Debug|x86
		{AFBA30B0-B272-4D2B-BBD0-305577C92C08}.Debug|x86.Build.0 = Debug|x86
		{AFBA30B0-B272-4D2B-BBD0-305577C92C08}.Release|x86.ActiveCfg = Release|x86
		{AFBA30B0-B272-4D2B-BBD0-305577C92C08}.Release|x86.Build.0 = Release|x86
	EndGlobalSection
	GlobalSection(SolutionProperties) = preSolution
		HideSolutionNode = FALSE
	EndGlobalSection
EndGlobal
